
Microsoft Visual Studio Solution File, Format Version 12.00
# Visual Studio Version 17
VisualStudioVersion = 17.5.33424.131
MinimumVisualStudioVersion = 10.0.40219.1
Project("{9A19103F-16F7-4668-BE54-9A1E7A4F7556}") = "XPaymentsProject", "XPaymentsProject\XPaymentsProject.csproj", "{33A4551D-01B5-4263-B73A-F8FC5F29B119}"
EndProject
Project("{9A19103F-16F7-4668-BE54-9A1E7A4F7556}") = "XPaymentsProject.Application", "XPaymentsProject.Application\XPaymentsProject.Application.csproj", "{3CA0AC05-CE2C-4D2E-84BE-0C40E4D07C99}"
EndProject
Project("{9A19103F-16F7-4668-BE54-9A1E7A4F7556}") = "XPaymentsProject.Domain", "XPaymentsProject.Domain\XPaymentsProject.Domain.csproj", "{AC967790-08A0-49C5-B786-783D29B39CCE}"
EndProject
Project("{9A19103F-16F7-4668-BE54-9A1E7A4F7556}") = "XPaymentsProject.Infra", "XPaymentsProject.Infra\XPaymentsProject.Infra.csproj", "{333BCBB5-CD7C-4C21-808B-529C5C1FD487}"
EndProject
Global
	GlobalSection(SolutionConfigurationPlatforms) = preSolution
		Debug|Any CPU = Debug|Any CPU
		Release|Any CPU = Release|Any CPU
	EndGlobalSection
	GlobalSection(ProjectConfigurationPlatforms) = postSolution
		{33A4551D-01B5-4263-B73A-F8FC5F29B119}.Debug|Any CPU.ActiveCfg = Debug|Any CPU
		{33A4551D-01B5-4263-B73A-F8FC5F29B119}.Debug|Any CPU.Build.0 = Debug|Any CPU
		{33A4551D-01B5-4263-B73A-F8FC5F29B119}.Release|Any CPU.ActiveCfg = Release|Any CPU
		{33A4551D-01B5-4263-B73A-F8FC5F29B119}.Release|Any CPU.Build.0 = Release|Any CPU
		{3CA0AC05-CE2C-4D2E-84BE-0C40E4D07C99}.Debug|Any CPU.ActiveCfg = Debug|Any CPU
		{3CA0AC05-CE2C-4D2E-84BE-0C40E4D07C99}.Debug|Any CPU.Build.0 = Debug|Any CPU
		{3CA0AC05-CE2C-4D2E-84BE-0C40E4D07C99}.Release|Any CPU.ActiveCfg = Release|Any CPU
		{3CA0AC05-CE2C-4D2E-84BE-0C40E4D07C99}.Release|Any CPU.Build.0 = Release|Any CPU
		{AC967790-08A0-49C5-B786-783D29B39CCE}.Debug|Any CPU.ActiveCfg = Debug|Any CPU
		{AC967790-08A0-49C5-B786-783D29B39CCE}.Debug|Any CPU.Build.0 = Debug|Any CPU
		{AC967790-08A0-49C5-B786-783D29B39CCE}.Release|Any CPU.ActiveCfg = Release|Any CPU
		{AC967790-08A0-49C5-B786-783D29B39CCE}.Release|Any CPU.Build.0 = Release|Any CPU
		{333BCBB5-CD7C-4C21-808B-529C5C1FD487}.Debug|Any CPU.ActiveCfg = Debug|Any CPU
		{333BCBB5-CD7C-4C21-808B-529C5C1FD487}.Debug|Any CPU.Build.0 = Debug|Any CPU
		{333BCBB5-CD7C-4C21-808B-529C5C1FD487}.Release|Any CPU.ActiveCfg = Release|Any CPU
		{333BCBB5-CD7C-4C21-808B-529C5C1FD487}.Release|Any CPU.Build.0 = Release|Any CPU
	EndGlobalSection
	GlobalSection(SolutionProperties) = preSolution
		HideSolutionNode = FALSE
	EndGlobalSection
	GlobalSection(ExtensibilityGlobals) = postSolution
		SolutionGuid = {F008334E-0744-4656-B559-9368CB88E766}
	EndGlobalSection
EndGlobal
